// !$*UTF8*$!
{
	archiveVersion = 1;
	classes = {
	};
	objectVersion = 46;
	objects = {

/* Begin PBXBuildFile section */
		89C92F871DC551D5001CB59A /* AppDelegate.swift in Sources */ = {isa = PBXBuildFile; fileRef = 89C92F861DC551D5001CB59A /* AppDelegate.swift */; };
		89C92F891DC551D5001CB59A /* ViewController.swift in Sources */ = {isa = PBXBuildFile; fileRef = 89C92F881DC551D5001CB59A /* ViewController.swift */; };
		89C92F8C1DC551D5001CB59A /* Main.storyboard in Resources */ = {isa = PBXBuildFile; fileRef = 89C92F8A1DC551D5001CB59A /* Main.storyboard */; };
		89C92F8E1DC551D5001CB59A /* Assets.xcassets in Resources */ = {isa = PBXBuildFile; fileRef = 89C92F8D1DC551D5001CB59A /* Assets.xcassets */; };
		89C92F911DC551D5001CB59A /* LaunchScreen.storyboard in Resources */ = {isa = PBXBuildFile; fileRef = 89C92F8F1DC551D5001CB59A /* LaunchScreen.storyboard */; };
		89C92F9C1DC551D5001CB59A /* AllFresh_Prototyping_NotificationTests.swift in Sources */ = {isa = PBXBuildFile; fileRef = 89C92F9B1DC551D5001CB59A /* AllFresh_Prototyping_NotificationTests.swift */; };
		89C92FA71DC551D5001CB59A /* AllFresh_Prototyping_NotificationUITests.swift in Sources */ = {isa = PBXBuildFile; fileRef = 89C92FA61DC551D5001CB59A /* AllFresh_Prototyping_NotificationUITests.swift */; };
/* End PBXBuildFile section */

/* Begin PBXContainerItemProxy section */
		89C92F981DC551D5001CB59A /* PBXContainerItemProxy */ = {
			isa = PBXContainerItemProxy;
			containerPortal = 89C92F7B1DC551D5001CB59A /* Project object */;
			proxyType = 1;
			remoteGlobalIDString = 89C92F821DC551D5001CB59A;
			remoteInfo = AllFresh_Prototyping_Notification;
		};
		89C92FA31DC551D5001CB59A /* PBXContainerItemProxy */ = {
			isa = PBXContainerItemProxy;
			containerPortal = 89C92F7B1DC551D5001CB59A /* Project object */;
			proxyType = 1;
			remoteGlobalIDString = 89C92F821DC551D5001CB59A;
			remoteInfo = AllFresh_Prototyping_Notification;
		};
/* End PBXContainerItemProxy section */

/* Begin PBXFileReference section */
		89C92F831DC551D5001CB59A /* AllFresh_Prototyping_Notification.app */ = {isa = PBXFileReference; explicitFileType = wrapper.application; includeInIndex = 0; path = AllFresh_Prototyping_Notification.app; sourceTree = BUILT_PRODUCTS_DIR; };
		89C92F861DC551D5001CB59A /* AppDelegate.swift */ = {isa = PBXFileReference; lastKnownFileType = sourcecode.swift; path = AppDelegate.swift; sourceTree = "<group>"; };
		89C92F881DC551D5001CB59A /* ViewController.swift */ = {isa = PBXFileReference; lastKnownFileType = sourcecode.swift; path = ViewController.swift; sourceTree = "<group>"; };
		89C92F8B1DC551D5001CB59A /* Base */ = {isa = PBXFileReference; lastKnownFileType = file.storyboard; name = Base; path = Base.lproj/Main.storyboard; sourceTree = "<group>"; };
		89C92F8D1DC551D5001CB59A /* Assets.xcassets */ = {isa = PBXFileReference; lastKnownFileType = folder.assetcatalog; path = Assets.xcassets; sourceTree = "<group>"; };
		89C92F901DC551D5001CB59A /* Base */ = {isa = PBXFileReference; lastKnownFileType = file.storyboard; name = Base; path = Base.lproj/LaunchScreen.storyboard; sourceTree = "<group>"; };
		89C92F921DC551D5001CB59A /* Info.plist */ = {isa = PBXFileReference; lastKnownFileType = text.plist.xml; path = Info.plist; sourceTree = "<group>"; };
		89C92F971DC551D5001CB59A /* AllFresh_Prototyping_NotificationTests.xctest */ = {isa = PBXFileReference; explicitFileType = wrapper.cfbundle; includeInIndex = 0; path = AllFresh_Prototyping_NotificationTests.xctest; sourceTree = BUILT_PRODUCTS_DIR; };
		89C92F9B1DC551D5001CB59A /* AllFresh_Prototyping_NotificationTests.swift */ = {isa = PBXFileReference; lastKnownFileType = sourcecode.swift; path = AllFresh_Prototyping_NotificationTests.swift; sourceTree = "<group>"; };
		89C92F9D1DC551D5001CB59A /* Info.plist */ = {isa = PBXFileReference; lastKnownFileType = text.plist.xml; path = Info.plist; sourceTree = "<group>"; };
		89C92FA21DC551D5001CB59A /* AllFresh_Prototyping_NotificationUITests.xctest */ = {isa = PBXFileReference; explicitFileType = wrapper.cfbundle; includeInIndex = 0; path = AllFresh_Prototyping_NotificationUITests.xctest; sourceTree = BUILT_PRODUCTS_DIR; };
		89C92FA61DC551D5001CB59A /* AllFresh_Prototyping_NotificationUITests.swift */ = {isa = PBXFileReference; lastKnownFileType = sourcecode.swift; path = AllFresh_Prototyping_NotificationUITests.swift; sourceTree = "<group>"; };
		89C92FA81DC551D5001CB59A /* Info.plist */ = {isa = PBXFileReference; lastKnownFileType = text.plist.xml; path = Info.plist; sourceTree = "<group>"; };
/* End PBXFileReference section */

/* Begin PBXFrameworksBuildPhase section */
		89C92F801DC551D5001CB59A /* Frameworks */ = {
			isa = PBXFrameworksBuildPhase;
			buildActionMask = 2147483647;
			files = (
			);
			runOnlyForDeploymentPostprocessing = 0;
		};
		89C92F941DC551D5001CB59A /* Frameworks */ = {
			isa = PBXFrameworksBuildPhase;
			buildActionMask = 2147483647;
			files = (
			);
			runOnlyForDeploymentPostprocessing = 0;
		};
		89C92F9F1DC551D5001CB59A /* Frameworks */ = {
			isa = PBXFrameworksBuildPhase;
			buildActionMask = 2147483647;
			files = (
			);
			runOnlyForDeploymentPostprocessing = 0;
		};
/* End PBXFrameworksBuildPhase section */

/* Begin PBXGroup section */
		89C92F7A1DC551D5001CB59A = {
			isa = PBXGroup;
			children = (
				89C92F851DC551D5001CB59A /* AllFresh_Prototyping_Notification */,
				89C92F9A1DC551D5001CB59A /* AllFresh_Prototyping_NotificationTests */,
				89C92FA51DC551D5001CB59A /* AllFresh_Prototyping_NotificationUITests */,
				89C92F841DC551D5001CB59A /* Products */,
			);
			sourceTree = "<group>";
		};
		89C92F841DC551D5001CB59A /* Products */ = {
			isa = PBXGroup;
			children = (
				89C92F831DC551D5001CB59A /* AllFresh_Prototyping_Notification.app */,
				89C92F971DC551D5001CB59A /* AllFresh_Prototyping_NotificationTests.xctest */,
				89C92FA21DC551D5001CB59A /* AllFresh_Prototyping_NotificationUITests.xctest */,
			);
			name = Products;
			sourceTree = "<group>";
		};
		89C92F851DC551D5001CB59A /* AllFresh_Prototyping_Notification */ = {
			isa = PBXGroup;
			children = (
				89C92F861DC551D5001CB59A /* AppDelegate.swift */,
				89C92F881DC551D5001CB59A /* ViewController.swift */,
				89C92F8A1DC551D5001CB59A /* Main.storyboard */,
				89C92F8D1DC551D5001CB59A /* Assets.xcassets */,
				89C92F8F1DC551D5001CB59A /* LaunchScreen.storyboard */,
				89C92F921DC551D5001CB59A /* Info.plist */,
			);
			path = AllFresh_Prototyping_Notification;
			sourceTree = "<group>";
		};
		89C92F9A1DC551D5001CB59A /* AllFresh_Prototyping_NotificationTests */ = {
			isa = PBXGroup;
			children = (
				89C92F9B1DC551D5001CB59A /* AllFresh_Prototyping_NotificationTests.swift */,
				89C92F9D1DC551D5001CB59A /* Info.plist */,
			);
			path = AllFresh_Prototyping_NotificationTests;
			sourceTree = "<group>";
		};
		89C92FA51DC551D5001CB59A /* AllFresh_Prototyping_NotificationUITests */ = {
			isa = PBXGroup;
			children = (
				89C92FA61DC551D5001CB59A /* AllFresh_Prototyping_NotificationUITests.swift */,
				89C92FA81DC551D5001CB59A /* Info.plist */,
			);
			path = AllFresh_Prototyping_NotificationUITests;
			sourceTree = "<group>";
		};
/* End PBXGroup section */

/* Begin PBXNativeTarget section */
		89C92F821DC551D5001CB59A /* AllFresh_Prototyping_Notification */ = {
			isa = PBXNativeTarget;
			buildConfigurationList = 89C92FAB1DC551D5001CB59A /* Build configuration list for PBXNativeTarget "AllFresh_Prototyping_Notification" */;
			buildPhases = (
				89C92F7F1DC551D5001CB59A /* Sources */,
				89C92F801DC551D5001CB59A /* Frameworks */,
				89C92F811DC551D5001CB59A /* Resources */,
			);
			buildRules = (
			);
			dependencies = (
			);
			name = AllFresh_Prototyping_Notification;
			productName = AllFresh_Prototyping_Notification;
			productReference = 89C92F831DC551D5001CB59A /* AllFresh_Prototyping_Notification.app */;
			productType = "com.apple.product-type.application";
		};
		89C92F961DC551D5001CB59A /* AllFresh_Prototyping_NotificationTests */ = {
			isa = PBXNativeTarget;
			buildConfigurationList = 89C92FAE1DC551D5001CB59A /* Build configuration list for PBXNativeTarget "AllFresh_Prototyping_NotificationTests" */;
			buildPhases = (
				89C92F931DC551D5001CB59A /* Sources */,
				89C92F941DC551D5001CB59A /* Frameworks */,
				89C92F951DC551D5001CB59A /* Resources */,
			);
			buildRules = (
			);
			dependencies = (
				89C92F991DC551D5001CB59A /* PBXTargetDependency */,
			);
			name = AllFresh_Prototyping_NotificationTests;
			productName = AllFresh_Prototyping_NotificationTests;
			productReference = 89C92F971DC551D5001CB59A /* AllFresh_Prototyping_NotificationTests.xctest */;
			productType = "com.apple.product-type.bundle.unit-test";
		};
		89C92FA11DC551D5001CB59A /* AllFresh_Prototyping_NotificationUITests */ = {
			isa = PBXNativeTarget;
			buildConfigurationList = 89C92FB11DC551D5001CB59A /* Build configuration list for PBXNativeTarget "AllFresh_Prototyping_NotificationUITests" */;
			buildPhases = (
				89C92F9E1DC551D5001CB59A /* Sources */,
				89C92F9F1DC551D5001CB59A /* Frameworks */,
				89C92FA01DC551D5001CB59A /* Resources */,
			);
			buildRules = (
			);
			dependencies = (
				89C92FA41DC551D5001CB59A /* PBXTargetDependency */,
			);
			name = AllFresh_Prototyping_NotificationUITests;
			productName = AllFresh_Prototyping_NotificationUITests;
			productReference = 89C92FA21DC551D5001CB59A /* AllFresh_Prototyping_NotificationUITests.xctest */;
			productType = "com.apple.product-type.bundle.ui-testing";
		};
/* End PBXNativeTarget section */

/* Begin PBXProject section */
		89C92F7B1DC551D5001CB59A /* Project object */ = {
			isa = PBXProject;
			attributes = {
				LastSwiftUpdateCheck = 0810;
				LastUpgradeCheck = 0810;
				ORGANIZATIONNAME = "Ruby Wang";
				TargetAttributes = {
					89C92F821DC551D5001CB59A = {
						CreatedOnToolsVersion = 8.1;
						DevelopmentTeam = H39K9LJXWT;
						ProvisioningStyle = Automatic;
					};
					89C92F961DC551D5001CB59A = {
						CreatedOnToolsVersion = 8.1;
						DevelopmentTeam = H39K9LJXWT;
						ProvisioningStyle = Automatic;
						TestTargetID = 89C92F821DC551D5001CB59A;
					};
					89C92FA11DC551D5001CB59A = {
						CreatedOnToolsVersion = 8.1;
						DevelopmentTeam = H39K9LJXWT;
						ProvisioningStyle = Automatic;
						TestTargetID = 89C92F821DC551D5001CB59A;
					};
				};
			};
			buildConfigurationList = 89C92F7E1DC551D5001CB59A /* Build configuration list for PBXProject "AllFresh_Prototyping_Notification" */;
			compatibilityVersion = "Xcode 3.2";
			developmentRegion = English;
			hasScannedForEncodings = 0;
			knownRegions = (
				en,
				Base,
			);
			mainGroup = 89C92F7A1DC551D5001CB59A;
			productRefGroup = 89C92F841DC551D5001CB59A /* Products */;
			projectDirPath = "";
			projectRoot = "";
			targets = (
				89C92F821DC551D5001CB59A /* AllFresh_Prototyping_Notification */,
				89C92F961DC551D5001CB59A /* AllFresh_Prototyping_NotificationTests */,
				89C92FA11DC551D5001CB59A /* AllFresh_Prototyping_NotificationUITests */,
			);
		};
/* End PBXProject section */

/* Begin PBXResourcesBuildPhase section */
		89C92F811DC551D5001CB59A /* Resources */ = {
			isa = PBXResourcesBuildPhase;
			buildActionMask = 2147483647;
			files = (
				89C92F911DC551D5001CB59A /* LaunchScreen.storyboard in Resources */,
				89C92F8E1DC551D5001CB59A /* Assets.xcassets in Resources */,
				89C92F8C1DC551D5001CB59A /* Main.storyboard in Resources */,
			);
			runOnlyForDeploymentPostprocessing = 0;
		};
		89C92F951DC551D5001CB59A /* Resources */ = {
			isa = PBXResourcesBuildPhase;
			buildActionMask = 2147483647;
			files = (
			);
			runOnlyForDeploymentPostprocessing = 0;
		};
		89C92FA01DC551D5001CB59A /* Resources */ = {
			isa = PBXResourcesBuildPhase;
			buildActionMask = 2147483647;
			files = (
			);
			runOnlyForDeploymentPostprocessing = 0;
		};
/* End PBXResourcesBuildPhase section */

/* Begin PBXSourcesBuildPhase section */
		89C92F7F1DC551D5001CB59A /* Sources */ = {
			isa = PBXSourcesBuildPhase;
			buildActionMask = 2147483647;
			files = (
				89C92F891DC551D5001CB59A /* ViewController.swift in Sources */,
				89C92F871DC551D5001CB59A /* AppDelegate.swift in Sources */,
			);
			runOnlyForDeploymentPostprocessing = 0;
		};
		89C92F931DC551D5001CB59A /* Sources */ = {
			isa = PBXSourcesBuildPhase;
			buildActionMask = 2147483647;
			files = (
				89C92F9C1DC551D5001CB59A /* AllFresh_Prototyping_NotificationTests.swift in Sources */,
			);
			runOnlyForDeploymentPostprocessing = 0;
		};
		89C92F9E1DC551D5001CB59A /* Sources */ = {
			isa = PBXSourcesBuildPhase;
			buildActionMask = 2147483647;
			files = (
				89C92FA71DC551D5001CB59A /* AllFresh_Prototyping_NotificationUITests.swift in Sources */,
			);
			runOnlyForDeploymentPostprocessing = 0;
		};
/* End PBXSourcesBuildPhase section */

/* Begin PBXTargetDependency section */
		89C92F991DC551D5001CB59A /* PBXTargetDependency */ = {
			isa = PBXTargetDependency;
			target = 89C92F821DC551D5001CB59A /* AllFresh_Prototyping_Notification */;
			targetProxy = 89C92F981DC551D5001CB59A /* PBXContainerItemProxy */;
		};
		89C92FA41DC551D5001CB59A /* PBXTargetDependency */ = {
			isa = PBXTargetDependency;
			target = 89C92F821DC551D5001CB59A /* AllFresh_Prototyping_Notification */;
			targetProxy = 89C92FA31DC551D5001CB59A /* PBXContainerItemProxy */;
		};
/* End PBXTargetDependency section */

/* Begin PBXVariantGroup section */
		89C92F8A1DC551D5001CB59A /* Main.storyboard */ = {
			isa = PBXVariantGroup;
			children = (
				89C92F8B1DC551D5001CB59A /* Base */,
			);
			name = Main.storyboard;
			sourceTree = "<group>";
		};
		89C92F8F1DC551D5001CB59A /* LaunchScreen.storyboard */ = {
			isa = PBXVariantGroup;
			children = (
				89C92F901DC551D5001CB59A /* Base */,
			);
			name = LaunchScreen.storyboard;
			sourceTree = "<group>";
		};
/* End PBXVariantGroup section */

/* Begin XCBuildConfiguration section */
		89C92FA91DC551D5001CB59A /* Debug */ = {
			isa = XCBuildConfiguration;
			buildSettings = {
				ALWAYS_SEARCH_USER_PATHS = NO;
				CLANG_ANALYZER_NONNULL = YES;
				CLANG_CXX_LANGUAGE_STANDARD = "gnu++0x";
				CLANG_CXX_LIBRARY = "libc++";
				CLANG_ENABLE_MODULES = YES;
				CLANG_ENABLE_OBJC_ARC = YES;
				CLANG_WARN_BOOL_CONVERSION = YES;
				CLANG_WARN_CONSTANT_CONVERSION = YES;
				CLANG_WARN_DIRECT_OBJC_ISA_USAGE = YES_ERROR;
				CLANG_WARN_DOCUMENTATION_COMMENTS = YES;
				CLANG_WARN_EMPTY_BODY = YES;
				CLANG_WARN_ENUM_CONVERSION = YES;
				CLANG_WARN_INFINITE_RECURSION = YES;
				CLANG_WARN_INT_CONVERSION = YES;
				CLANG_WARN_OBJC_ROOT_CLASS = YES_ERROR;
				CLANG_WARN_SUSPICIOUS_MOVES = YES;
				CLANG_WARN_UNREACHABLE_CODE = YES;
				CLANG_WARN__DUPLICATE_METHOD_MATCH = YES;
				"CODE_SIGN_IDENTITY[sdk=iphoneos*]" = "iPhone Developer";
				COPY_PHASE_STRIP = NO;
				DEBUG_INFORMATION_FORMAT = dwarf;
				ENABLE_STRICT_OBJC_MSGSEND = YES;
				ENABLE_TESTABILITY = YES;
				GCC_C_LANGUAGE_STANDARD = gnu99;
				GCC_DYNAMIC_NO_PIC = NO;
				GCC_NO_COMMON_BLOCKS = YES;
				GCC_OPTIMIZATION_LEVEL = 0;
				GCC_PREPROCESSOR_DEFINITIONS = (
					"DEBUG=1",
					"$(inherited)",
				);
				GCC_WARN_64_TO_32_BIT_CONVERSION = YES;
				GCC_WARN_ABOUT_RETURN_TYPE = YES_ERROR;
				GCC_WARN_UNDECLARED_SELECTOR = YES;
				GCC_WARN_UNINITIALIZED_AUTOS = YES_AGGRESSIVE;
				GCC_WARN_UNUSED_FUNCTION = YES;
				GCC_WARN_UNUSED_VARIABLE = YES;
				IPHONEOS_DEPLOYMENT_TARGET = 10.1;
				MTL_ENABLE_DEBUG_INFO = YES;
				ONLY_ACTIVE_ARCH = YES;
				SDKROOT = iphoneos;
				SWIFT_ACTIVE_COMPILATION_CONDITIONS = DEBUG;
				SWIFT_OPTIMIZATION_LEVEL = "-Onone";
				TARGETED_DEVICE_FAMILY = "1,2";
			};
			name = Debug;
		};
		89C92FAA1DC551D5001CB59A /* Release */ = {
			isa = XCBuildConfiguration;
			buildSettings = {
				ALWAYS_SEARCH_USER_PATHS = NO;
				CLANG_ANALYZER_NONNULL = YES;
				CLANG_CXX_LANGUAGE_STANDARD = "gnu++0x";
				CLANG_CXX_LIBRARY = "libc++";
				CLANG_ENABLE_MODULES = YES;
				CLANG_ENABLE_OBJC_ARC = YES;
				CLANG_WARN_BOOL_CONVERSION = YES;
				CLANG_WARN_CONSTANT_CONVERSION = YES;
				CLANG_WARN_DIRECT_OBJC_ISA_USAGE = YES_ERROR;
				CLANG_WARN_DOCUMENTATION_COMMENTS = YES;
				CLANG_WARN_EMPTY_BODY = YES;
				CLANG_WARN_ENUM_CONVERSION = YES;
				CLANG_WARN_INFINITE_RECURSION = YES;
				CLANG_WARN_INT_CONVERSION = YES;
				CLANG_WARN_OBJC_ROOT_CLASS = YES_ERROR;
				CLANG_WARN_SUSPICIOUS_MOVES = YES;
				CLANG_WARN_UNREACHABLE_CODE = YES;
				CLANG_WARN__DUPLICATE_METHOD_MATCH = YES;
				"CODE_SIGN_IDENTITY[sdk=iphoneos*]" = "iPhone Developer";
				COPY_PHASE_STRIP = NO;
				DEBUG_INFORMATION_FORMAT = "dwarf-with-dsym";
				ENABLE_NS_ASSERTIONS = NO;
				ENABLE_STRICT_OBJC_MSGSEND = YES;
				GCC_C_LANGUAGE_STANDARD = gnu99;
				GCC_NO_COMMON_BLOCKS = YES;
				GCC_WARN_64_TO_32_BIT_CONVERSION = YES;
				GCC_WARN_ABOUT_RETURN_TYPE = YES_ERROR;
				GCC_WARN_UNDECLARED_SELECTOR = YES;
				GCC_WARN_UNINITIALIZED_AUTOS = YES_AGGRESSIVE;
				GCC_WARN_UNUSED_FUNCTION = YES;
				GCC_WARN_UNUSED_VARIABLE = YES;
				IPHONEOS_DEPLOYMENT_TARGET = 10.1;
				MTL_ENABLE_DEBUG_INFO = NO;
				SDKROOT = iphoneos;
				SWIFT_OPTIMIZATION_LEVEL = "-Owholemodule";
				TARGETED_DEVICE_FAMILY = "1,2";
				VALIDATE_PRODUCT = YES;
			};
			name = Release;
		};
		89C92FAC1DC551D5001CB59A /* Debug */ = {
			isa = XCBuildConfiguration;
			buildSettings = {
				ASSETCATALOG_COMPILER_APPICON_NAME = AppIcon;
				"CODE_SIGN_IDENTITY[sdk=iphoneos*]" = "iPhone Developer";
				DEVELOPMENT_TEAM = H39K9LJXWT;
				INFOPLIST_FILE = AllFresh_Prototyping_Notification/Info.plist;
				IPHONEOS_DEPLOYMENT_TARGET = 10.0;
				LD_RUNPATH_SEARCH_PATHS = "$(inherited) @executable_path/Frameworks";
				PRODUCT_BUNDLE_IDENTIFIER = "cmu.AllFresh-Prototyping-Notification";
				PRODUCT_NAME = "$(TARGET_NAME)";
				SWIFT_VERSION = 3.0;
			};
			name = Debug;
		};
		89C92FAD1DC551D5001CB59A /* Release */ = {
			isa = XCBuildConfiguration;
			buildSettings = {
				ASSETCATALOG_COMPILER_APPICON_NAME = AppIcon;
				"CODE_SIGN_IDENTITY[sdk=iphoneos*]" = "iPhone Developer";
				DEVELOPMENT_TEAM = H39K9LJXWT;
				INFOPLIST_FILE = AllFresh_Prototyping_Notification/Info.plist;
				IPHONEOS_DEPLOYMENT_TARGET = 10.0;
				LD_RUNPATH_SEARCH_PATHS = "$(inherited) @executable_path/Frameworks";
				PRODUCT_BUNDLE_IDENTIFIER = "cmu.AllFresh-Prototyping-Notification";
				PRODUCT_NAME = "$(TARGET_NAME)";
				SWIFT_VERSION = 3.0;
			};
			name = Release;
		};
		89C92FAF1DC551D5001CB59A /* Debug */ = {
			isa = XCBuildConfiguration;
			buildSettings = {
				ALWAYS_EMBED_SWIFT_STANDARD_LIBRARIES = YES;
				BUNDLE_LOADER = "$(TEST_HOST)";
				DEVELOPMENT_TEAM = H39K9LJXWT;
				INFOPLIST_FILE = AllFresh_Prototyping_NotificationTests/Info.plist;
				LD_RUNPATH_SEARCH_PATHS = "$(inherited) @executable_path/Frameworks @loader_path/Frameworks";
				PRODUCT_BUNDLE_IDENTIFIER = "cmu.AllFresh-Prototyping-NotificationTests";
				PRODUCT_NAME = "$(TARGET_NAME)";
				SWIFT_VERSION = 3.0;
				TEST_HOST = "$(BUILT_PRODUCTS_DIR)/AllFresh_Prototyping_Notification.app/AllFresh_Prototyping_Notification";
			};
			name = Debug;
		};
		89C92FB01DC551D5001CB59A /* Release */ = {
			isa = XCBuildConfiguration;
			buildSettings = {
				ALWAYS_EMBED_SWIFT_STANDARD_LIBRARIES = YES;
				BUNDLE_LOADER = "$(TEST_HOST)";
				DEVELOPMENT_TEAM = H39K9LJXWT;
				INFOPLIST_FILE = AllFresh_Prototyping_NotificationTests/Info.plist;
				LD_RUNPATH_SEARCH_PATHS = "$(inherited) @executable_path/Frameworks @loader_path/Frameworks";
				PRODUCT_BUNDLE_IDENTIFIER = "cmu.AllFresh-Prototyping-NotificationTests";
				PRODUCT_NAME = "$(TARGET_NAME)";
				SWIFT_VERSION = 3.0;
				TEST_HOST = "$(BUILT_PRODUCTS_DIR)/AllFresh_Prototyping_Notification.app/AllFresh_Prototyping_Notification";
			};
			name = Release;
		};
		89C92FB21DC551D5001CB59A /* Debug */ = {
			isa = XCBuildConfiguration;
			buildSettings = {
				ALWAYS_EMBED_SWIFT_STANDARD_LIBRARIES = YES;
				DEVELOPMENT_TEAM = H39K9LJXWT;
				INFOPLIST_FILE = AllFresh_Prototyping_NotificationUITests/Info.plist;
				LD_RUNPATH_SEARCH_PATHS = "$(inherited) @executable_path/Frameworks @loader_path/Frameworks";
				PRODUCT_BUNDLE_IDENTIFIER = "cmu.AllFresh-Prototyping-NotificationUITests";
				PRODUCT_NAME = "$(TARGET_NAME)";
				SWIFT_VERSION = 3.0;
				TEST_TARGET_NAME = AllFresh_Prototyping_Notification;
			};
			name = Debug;
		};
		89C92FB31DC551D5001CB59A /* Release */ = {
			isa = XCBuildConfiguration;
			buildSettings = {
				ALWAYS_EMBED_SWIFT_STANDARD_LIBRARIES = YES;
				DEVELOPMENT_TEAM = H39K9LJXWT;
				INFOPLIST_FILE = AllFresh_Prototyping_NotificationUITests/Info.plist;
				LD_RUNPATH_SEARCH_PATHS = "$(inherited) @executable_path/Frameworks @loader_path/Frameworks";
				PRODUCT_BUNDLE_IDENTIFIER = "cmu.AllFresh-Prototyping-NotificationUITests";
				PRODUCT_NAME = "$(TARGET_NAME)";
				SWIFT_VERSION = 3.0;
				TEST_TARGET_NAME = AllFresh_Prototyping_Notification;
			};
			name = Release;
		};
/* End XCBuildConfiguration section */

/* Begin XCConfigurationList section */
		89C92F7E1DC551D5001CB59A /* Build configuration list for PBXProject "AllFresh_Prototyping_Notification" */ = {
			isa = XCConfigurationList;
			buildConfigurations = (
				89C92FA91DC551D5001CB59A /* Debug */,
				89C92FAA1DC551D5001CB59A /* Release */,
			);
			defaultConfigurationIsVisible = 0;
			defaultConfigurationName = Release;
		};
		89C92FAB1DC551D5001CB59A /* Build configuration list for PBXNativeTarget "AllFresh_Prototyping_Notification" */ = {
			isa = XCConfigurationList;
			buildConfigurations = (
				89C92FAC1DC551D5001CB59A /* Debug */,
				89C92FAD1DC551D5001CB59A /* Release */,
			);
			defaultConfigurationIsVisible = 0;
		};
		89C92FAE1DC551D5001CB59A /* Build configuration list for PBXNativeTarget "AllFresh_Prototyping_NotificationTests" */ = {
			isa = XCConfigurationList;
			buildConfigurations = (
				89C92FAF1DC551D5001CB59A /* Debug */,
				89C92FB01DC551D5001CB59A /* Release */,
			);
			defaultConfigurationIsVisible = 0;
		};
		89C92FB11DC551D5001CB59A /* Build configuration list for PBXNativeTarget "AllFresh_Prototyping_NotificationUITests" */ = {
			isa = XCConfigurationList;
			buildConfigurations = (
				89C92FB21DC551D5001CB59A /* Debug */,
				89C92FB31DC551D5001CB59A /* Release */,
			);
			defaultConfigurationIsVisible = 0;
		};
/* End XCConfigurationList section */
	};
	rootObject = 89C92F7B1DC551D5001CB59A /* Project object */;
}
